
Microsoft Visual Studio Solution File, Format Version 12.00
# Visual Studio Version 17
VisualStudioVersion = 17.7.34202.233
MinimumVisualStudioVersion = 10.0.40219.1
Project("{9A19103F-16F7-4668-BE54-9A1E7A4F7556}") = "Blazor Ejemplo", "Blazor Ejemplo\Blazor Ejemplo.csproj", "{D933E2C7-1EA4-4ADA-A3BE-99ADD5CA511D}"
EndProject
Global
	GlobalSection(SolutionConfigurationPlatforms) = preSolution
		Debug|Any CPU = Debug|Any CPU
		Release|Any CPU = Release|Any CPU
	EndGlobalSection
	GlobalSection(ProjectConfigurationPlatforms) = postSolution
		{D933E2C7-1EA4-4ADA-A3BE-99ADD5CA511D}.Debug|Any CPU.ActiveCfg = Debug|Any CPU
		{D933E2C7-1EA4-4ADA-A3BE-99ADD5CA511D}.Debug|Any CPU.Build.0 = Debug|Any CPU
		{D933E2C7-1EA4-4ADA-A3BE-99ADD5CA511D}.Release|Any CPU.ActiveCfg = Release|Any CPU
		{D933E2C7-1EA4-4ADA-A3BE-99ADD5CA511D}.Release|Any CPU.Build.0 = Release|Any CPU
	EndGlobalSection
	GlobalSection(SolutionProperties) = preSolution
		HideSolutionNode = FALSE
	EndGlobalSection
	GlobalSection(ExtensibilityGlobals) = postSolution
		SolutionGuid = {BE742C9D-CC1C-40F1-B330-266D45A4F2D1}
	EndGlobalSection
EndGlobal
